
Microsoft Visual Studio Solution File, Format Version 12.00
# Visual Studio 2013
VisualStudioVersion = 12.0.30324.0
MinimumVisualStudioVersion = 10.0.40219.1
Project("{FAE04EC0-301F-11D3-BF4B-00C04F79EFBC}") = "ReactiveMarrow.Tests", "ReactiveMarrow.Tests\ReactiveMarrow.Tests.csproj", "{DCD8644A-6191-4545-9AC1-378BE61177C0}"
	ProjectSection(ProjectDependencies) = postProject
		{89AF0C04-8EA1-402C-B853-A56D7967DF54} = {89AF0C04-8EA1-402C-B853-A56D7967DF54}
	EndProjectSection
EndProject
Project("{FAE04EC0-301F-11D3-BF4B-00C04F79EFBC}") = "ReactiveMarrow", "ReactiveMarrow\ReactiveMarrow.csproj", "{89AF0C04-8EA1-402C-B853-A56D7967DF54}"
EndProject
Global
	GlobalSection(SolutionConfigurationPlatforms) = preSolution
		Debug|Any CPU = Debug|Any CPU
		Release|Any CPU = Release|Any CPU
	EndGlobalSection
	GlobalSection(ProjectConfigurationPlatforms) = postSolution
		{DCD8644A-6191-4545-9AC1-378BE61177C0}.Debug|Any CPU.ActiveCfg = Debug|Any CPU
		{DCD8644A-6191-4545-9AC1-378BE61177C0}.Debug|Any CPU.Build.0 = Debug|Any CPU
		{DCD8644A-6191-4545-9AC1-378BE61177C0}.Release|Any CPU.ActiveCfg = Release|Any CPU
		{DCD8644A-6191-4545-9AC1-378BE61177C0}.Release|Any CPU.Build.0 = Release|Any CPU
		{89AF0C04-8EA1-402C-B853-A56D7967DF54}.Debug|Any CPU.ActiveCfg = Debug|Any CPU
		{89AF0C04-8EA1-402C-B853-A56D7967DF54}.Debug|Any CPU.Build.0 = Debug|Any CPU
		{89AF0C04-8EA1-402C-B853-A56D7967DF54}.Release|Any CPU.ActiveCfg = Release|Any CPU
		{89AF0C04-8EA1-402C-B853-A56D7967DF54}.Release|Any CPU.Build.0 = Release|Any CPU
	EndGlobalSection
	GlobalSection(SolutionProperties) = preSolution
		HideSolutionNode = FALSE
	EndGlobalSection
EndGlobal
